
Microsoft Visual Studio Solution File, Format Version 12.00
# Visual Studio 14
VisualStudioVersion = 14.0.25420.1
MinimumVisualStudioVersion = 10.0.40219.1
Project("{FAE04EC0-301F-11D3-BF4B-00C04F79EFBC}") = "Assessment.Data", "Assessment.Data\Assessment.Data.csproj", "{BADFC7B2-2492-44E9-B766-B1284F8B2007}"
EndProject
Project("{FAE04EC0-301F-11D3-BF4B-00C04F79EFBC}") = "Assessment.Core", "Assessment.Core\Assessment.Core.csproj", "{2912347F-80BC-4385-A0A3-3438B8D35825}"
EndProject
Project("{FAE04EC0-301F-11D3-BF4B-00C04F79EFBC}") = "Assessment.Web", "Assessment.Web\Assessment.Web.csproj", "{1D163DD8-06B6-4847-964D-8460CD1B7971}"
EndProject
Project("{FAE04EC0-301F-11D3-BF4B-00C04F79EFBC}") = "Assessment.Api", "Assessment.Api\Assessment.Api.csproj", "{98D34BC7-C5DF-43D1-8D33-5F8193060A92}"
EndProject
Global
	GlobalSection(SolutionConfigurationPlatforms) = preSolution
		Debug|Any CPU = Debug|Any CPU
		Release|Any CPU = Release|Any CPU
	EndGlobalSection
	GlobalSection(ProjectConfigurationPlatforms) = postSolution
		{BADFC7B2-2492-44E9-B766-B1284F8B2007}.Debug|Any CPU.ActiveCfg = Debug|Any CPU
		{BADFC7B2-2492-44E9-B766-B1284F8B2007}.Debug|Any CPU.Build.0 = Debug|Any CPU
		{BADFC7B2-2492-44E9-B766-B1284F8B2007}.Release|Any CPU.ActiveCfg = Release|Any CPU
		{BADFC7B2-2492-44E9-B766-B1284F8B2007}.Release|Any CPU.Build.0 = Release|Any CPU
		{2912347F-80BC-4385-A0A3-3438B8D35825}.Debug|Any CPU.ActiveCfg = Debug|Any CPU
		{2912347F-80BC-4385-A0A3-3438B8D35825}.Debug|Any CPU.Build.0 = Debug|Any CPU
		{2912347F-80BC-4385-A0A3-3438B8D35825}.Release|Any CPU.ActiveCfg = Release|Any CPU
		{2912347F-80BC-4385-A0A3-3438B8D35825}.Release|Any CPU.Build.0 = Release|Any CPU
		{1D163DD8-06B6-4847-964D-8460CD1B7971}.Debug|Any CPU.ActiveCfg = Debug|Any CPU
		{1D163DD8-06B6-4847-964D-8460CD1B7971}.Debug|Any CPU.Build.0 = Debug|Any CPU
		{1D163DD8-06B6-4847-964D-8460CD1B7971}.Release|Any CPU.ActiveCfg = Release|Any CPU
		{1D163DD8-06B6-4847-964D-8460CD1B7971}.Release|Any CPU.Build.0 = Release|Any CPU
		{98D34BC7-C5DF-43D1-8D33-5F8193060A92}.Debug|Any CPU.ActiveCfg = Debug|Any CPU
		{98D34BC7-C5DF-43D1-8D33-5F8193060A92}.Debug|Any CPU.Build.0 = Debug|Any CPU
		{98D34BC7-C5DF-43D1-8D33-5F8193060A92}.Release|Any CPU.ActiveCfg = Release|Any CPU
		{98D34BC7-C5DF-43D1-8D33-5F8193060A92}.Release|Any CPU.Build.0 = Release|Any CPU
	EndGlobalSection
	GlobalSection(SolutionProperties) = preSolution
		HideSolutionNode = FALSE
	EndGlobalSection
EndGlobal
